
Microsoft Visual Studio Solution File, Format Version 11.00
# Visual Studio 2010
Project("{F184B08F-C81C-45F6-A57F-5ABD9991F28F}") = "DCSQuote", "DCSQuote.vbproj", "{2A0B4E0A-4616-48F7-99FA-5A237EE94A9F}"
EndProject
Project("{F184B08F-C81C-45F6-A57F-5ABD9991F28F}") = "DCSDataCommon", "DCSDataCommon\DCSDataCommon.vbproj", "{9A59AF91-9074-4358-AD27-41D9C9D50986}"
EndProject
Project("{F184B08F-C81C-45F6-A57F-5ABD9991F28F}") = "DCSDataGrid", "DCSDataGrid\DCSDataGrid.vbproj", "{B3093DDF-04C2-47AB-8E5B-99D151AA1C53}"
EndProject
Project("{2150E333-8FDC-42A3-9474-1A3956D46DE8}") = "Diff", "Diff", "{BCA0E7A7-7C4B-4570-BCA6-E1ACD5437A43}"
EndProject
Project("{FAE04EC0-301F-11D3-BF4B-00C04F79EFBC}") = "DiffCalc", "Projects\DiffCalc\DiffCalc.csproj", "{CA9B6FA7-9A52-49E9-9387-22C82B0F8962}"
EndProject
Project("{FAE04EC0-301F-11D3-BF4B-00C04F79EFBC}") = "DifferenceEngine", "Projects\DifferenceEngine\DifferenceEngine.csproj", "{8AE4897A-EA74-49B1-BA55-D892C27AF9C9}"
EndProject
Project("{2150E333-8FDC-42A3-9474-1A3956D46DE8}") = "Plugins", "Plugins", "{8B21018A-1DFA-4F82-AFBC-69B5FD2852E8}"
EndProject
Project("{FAE04EC0-301F-11D3-BF4B-00C04F79EFBC}") = "DebugPlugin", "Projects\DebugPlugin\DebugPlugin.csproj", "{B3C5260D-B56B-4A24-AF02-768C1FF11370}"
EndProject
Project("{FAE04EC0-301F-11D3-BF4B-00C04F79EFBC}") = "PluginOutputView", "Projects\PluginOutputView\PluginOutputView.csproj", "{728E76F6-CEF8-4F92-8FB6-7FA7DB131831}"
EndProject
Project("{FAE04EC0-301F-11D3-BF4B-00C04F79EFBC}") = "PluginHost", "Projects\PluginHost\PluginHost.csproj", "{EE92FDB2-BAC7-4D6F-8675-EB6002960CF5}"
EndProject
Global
	GlobalSection(SolutionConfigurationPlatforms) = preSolution
		Debug|Any CPU = Debug|Any CPU
		Debug|Mixed Platforms = Debug|Mixed Platforms
		Debug|x86 = Debug|x86
		Release|Any CPU = Release|Any CPU
		Release|Mixed Platforms = Release|Mixed Platforms
		Release|x86 = Release|x86
	EndGlobalSection
	GlobalSection(ProjectConfigurationPlatforms) = postSolution
		{2A0B4E0A-4616-48F7-99FA-5A237EE94A9F}.Debug|Any CPU.ActiveCfg = Debug|Any CPU
		{2A0B4E0A-4616-48F7-99FA-5A237EE94A9F}.Debug|Any CPU.Build.0 = Debug|Any CPU
		{2A0B4E0A-4616-48F7-99FA-5A237EE94A9F}.Debug|Mixed Platforms.ActiveCfg = Debug|Any CPU
		{2A0B4E0A-4616-48F7-99FA-5A237EE94A9F}.Debug|Mixed Platforms.Build.0 = Debug|Any CPU
		{2A0B4E0A-4616-48F7-99FA-5A237EE94A9F}.Debug|x86.ActiveCfg = Debug|Any CPU
		{2A0B4E0A-4616-48F7-99FA-5A237EE94A9F}.Release|Any CPU.ActiveCfg = Release|Any CPU
		{2A0B4E0A-4616-48F7-99FA-5A237EE94A9F}.Release|Any CPU.Build.0 = Release|Any CPU
		{2A0B4E0A-4616-48F7-99FA-5A237EE94A9F}.Release|Mixed Platforms.ActiveCfg = Release|Any CPU
		{2A0B4E0A-4616-48F7-99FA-5A237EE94A9F}.Release|Mixed Platforms.Build.0 = Release|Any CPU
		{2A0B4E0A-4616-48F7-99FA-5A237EE94A9F}.Release|x86.ActiveCfg = Release|Any CPU
		{9A59AF91-9074-4358-AD27-41D9C9D50986}.Debug|Any CPU.ActiveCfg = Debug|Any CPU
		{9A59AF91-9074-4358-AD27-41D9C9D50986}.Debug|Any CPU.Build.0 = Debug|Any CPU
		{9A59AF91-9074-4358-AD27-41D9C9D50986}.Debug|Mixed Platforms.ActiveCfg = Debug|Any CPU
		{9A59AF91-9074-4358-AD27-41D9C9D50986}.Debug|Mixed Platforms.Build.0 = Debug|Any CPU
		{9A59AF91-9074-4358-AD27-41D9C9D50986}.Debug|x86.ActiveCfg = Debug|Any CPU
		{9A59AF91-9074-4358-AD27-41D9C9D50986}.Release|Any CPU.ActiveCfg = Release|Any CPU
		{9A59AF91-9074-4358-AD27-41D9C9D50986}.Release|Any CPU.Build.0 = Release|Any CPU
		{9A59AF91-9074-4358-AD27-41D9C9D50986}.Release|Mixed Platforms.ActiveCfg = Release|Any CPU
		{9A59AF91-9074-4358-AD27-41D9C9D50986}.Release|Mixed Platforms.Build.0 = Release|Any CPU
		{9A59AF91-9074-4358-AD27-41D9C9D50986}.Release|x86.ActiveCfg = Release|Any CPU
		{B3093DDF-04C2-47AB-8E5B-99D151AA1C53}.Debug|Any CPU.ActiveCfg = Debug|Any CPU
		{B3093DDF-04C2-47AB-8E5B-99D151AA1C53}.Debug|Any CPU.Build.0 = Debug|Any CPU
		{B3093DDF-04C2-47AB-8E5B-99D151AA1C53}.Debug|Mixed Platforms.ActiveCfg = Debug|Any CPU
		{B3093DDF-04C2-47AB-8E5B-99D151AA1C53}.Debug|Mixed Platforms.Build.0 = Debug|Any CPU
		{B3093DDF-04C2-47AB-8E5B-99D151AA1C53}.Debug|x86.ActiveCfg = Debug|Any CPU
		{B3093DDF-04C2-47AB-8E5B-99D151AA1C53}.Release|Any CPU.ActiveCfg = Release|Any CPU
		{B3093DDF-04C2-47AB-8E5B-99D151AA1C53}.Release|Any CPU.Build.0 = Release|Any CPU
		{B3093DDF-04C2-47AB-8E5B-99D151AA1C53}.Release|Mixed Platforms.ActiveCfg = Release|Any CPU
		{B3093DDF-04C2-47AB-8E5B-99D151AA1C53}.Release|Mixed Platforms.Build.0 = Release|Any CPU
		{B3093DDF-04C2-47AB-8E5B-99D151AA1C53}.Release|x86.ActiveCfg = Release|Any CPU
		{CA9B6FA7-9A52-49E9-9387-22C82B0F8962}.Debug|Any CPU.ActiveCfg = Debug|Any CPU
		{CA9B6FA7-9A52-49E9-9387-22C82B0F8962}.Debug|Any CPU.Build.0 = Debug|Any CPU
		{CA9B6FA7-9A52-49E9-9387-22C82B0F8962}.Debug|Mixed Platforms.ActiveCfg = Debug|Any CPU
		{CA9B6FA7-9A52-49E9-9387-22C82B0F8962}.Debug|Mixed Platforms.Build.0 = Debug|Any CPU
		{CA9B6FA7-9A52-49E9-9387-22C82B0F8962}.Debug|x86.ActiveCfg = Debug|Any CPU
		{CA9B6FA7-9A52-49E9-9387-22C82B0F8962}.Release|Any CPU.ActiveCfg = Release|Any CPU
		{CA9B6FA7-9A52-49E9-9387-22C82B0F8962}.Release|Any CPU.Build.0 = Release|Any CPU
		{CA9B6FA7-9A52-49E9-9387-22C82B0F8962}.Release|Mixed Platforms.ActiveCfg = Release|Any CPU
		{CA9B6FA7-9A52-49E9-9387-22C82B0F8962}.Release|Mixed Platforms.Build.0 = Release|Any CPU
		{CA9B6FA7-9A52-49E9-9387-22C82B0F8962}.Release|x86.ActiveCfg = Release|Any CPU
		{8AE4897A-EA74-49B1-BA55-D892C27AF9C9}.Debug|Any CPU.ActiveCfg = Debug|Any CPU
		{8AE4897A-EA74-49B1-BA55-D892C27AF9C9}.Debug|Any CPU.Build.0 = Debug|Any CPU
		{8AE4897A-EA74-49B1-BA55-D892C27AF9C9}.Debug|Mixed Platforms.ActiveCfg = Debug|Any CPU
		{8AE4897A-EA74-49B1-BA55-D892C27AF9C9}.Debug|Mixed Platforms.Build.0 = Debug|Any CPU
		{8AE4897A-EA74-49B1-BA55-D892C27AF9C9}.Debug|x86.ActiveCfg = Debug|Any CPU
		{8AE4897A-EA74-49B1-BA55-D892C27AF9C9}.Release|Any CPU.ActiveCfg = Release|Any CPU
		{8AE4897A-EA74-49B1-BA55-D892C27AF9C9}.Release|Any CPU.Build.0 = Release|Any CPU
		{8AE4897A-EA74-49B1-BA55-D892C27AF9C9}.Release|Mixed Platforms.ActiveCfg = Release|Any CPU
		{8AE4897A-EA74-49B1-BA55-D892C27AF9C9}.Release|Mixed Platforms.Build.0 = Release|Any CPU
		{8AE4897A-EA74-49B1-BA55-D892C27AF9C9}.Release|x86.ActiveCfg = Release|Any CPU
		{B3C5260D-B56B-4A24-AF02-768C1FF11370}.Debug|Any CPU.ActiveCfg = Debug|Any CPU
		{B3C5260D-B56B-4A24-AF02-768C1FF11370}.Debug|Any CPU.Build.0 = Debug|Any CPU
		{B3C5260D-B56B-4A24-AF02-768C1FF11370}.Debug|Mixed Platforms.ActiveCfg = Debug|Any CPU
		{B3C5260D-B56B-4A24-AF02-768C1FF11370}.Debug|Mixed Platforms.Build.0 = Debug|Any CPU
		{B3C5260D-B56B-4A24-AF02-768C1FF11370}.Debug|x86.ActiveCfg = Debug|Any CPU
		{B3C5260D-B56B-4A24-AF02-768C1FF11370}.Release|Any CPU.ActiveCfg = Release|Any CPU
		{B3C5260D-B56B-4A24-AF02-768C1FF11370}.Release|Any CPU.Build.0 = Release|Any CPU
		{B3C5260D-B56B-4A24-AF02-768C1FF11370}.Release|Mixed Platforms.ActiveCfg = Release|Any CPU
		{B3C5260D-B56B-4A24-AF02-768C1FF11370}.Release|Mixed Platforms.Build.0 = Release|Any CPU
		{B3C5260D-B56B-4A24-AF02-768C1FF11370}.Release|x86.ActiveCfg = Release|Any CPU
		{728E76F6-CEF8-4F92-8FB6-7FA7DB131831}.Debug|Any CPU.ActiveCfg = Debug|Any CPU
		{728E76F6-CEF8-4F92-8FB6-7FA7DB131831}.Debug|Any CPU.Build.0 = Debug|Any CPU
		{728E76F6-CEF8-4F92-8FB6-7FA7DB131831}.Debug|Mixed Platforms.ActiveCfg = Debug|Any CPU
		{728E76F6-CEF8-4F92-8FB6-7FA7DB131831}.Debug|Mixed Platforms.Build.0 = Debug|Any CPU
		{728E76F6-CEF8-4F92-8FB6-7FA7DB131831}.Debug|x86.ActiveCfg = Debug|Any CPU
		{728E76F6-CEF8-4F92-8FB6-7FA7DB131831}.Release|Any CPU.ActiveCfg = Release|Any CPU
		{728E76F6-CEF8-4F92-8FB6-7FA7DB131831}.Release|Any CPU.Build.0 = Release|Any CPU
		{728E76F6-CEF8-4F92-8FB6-7FA7DB131831}.Release|Mixed Platforms.ActiveCfg = Release|Any CPU
		{728E76F6-CEF8-4F92-8FB6-7FA7DB131831}.Release|Mixed Platforms.Build.0 = Release|Any CPU
		{728E76F6-CEF8-4F92-8FB6-7FA7DB131831}.Release|x86.ActiveCfg = Release|Any CPU
		{EE92FDB2-BAC7-4D6F-8675-EB6002960CF5}.Debug|Any CPU.ActiveCfg = Debug|Any CPU
		{EE92FDB2-BAC7-4D6F-8675-EB6002960CF5}.Debug|Any CPU.Build.0 = Debug|Any CPU
		{EE92FDB2-BAC7-4D6F-8675-EB6002960CF5}.Debug|Mixed Platforms.ActiveCfg = Debug|Any CPU
		{EE92FDB2-BAC7-4D6F-8675-EB6002960CF5}.Debug|Mixed Platforms.Build.0 = Debug|Any CPU
		{EE92FDB2-BAC7-4D6F-8675-EB6002960CF5}.Debug|x86.ActiveCfg = Debug|Any CPU
		{EE92FDB2-BAC7-4D6F-8675-EB6002960CF5}.Release|Any CPU.ActiveCfg = Release|Any CPU
		{EE92FDB2-BAC7-4D6F-8675-EB6002960CF5}.Release|Any CPU.Build.0 = Release|Any CPU
		{EE92FDB2-BAC7-4D6F-8675-EB6002960CF5}.Release|Mixed Platforms.ActiveCfg = Release|Any CPU
		{EE92FDB2-BAC7-4D6F-8675-EB6002960CF5}.Release|Mixed Platforms.Build.0 = Release|Any CPU
		{EE92FDB2-BAC7-4D6F-8675-EB6002960CF5}.Release|x86.ActiveCfg = Release|Any CPU
	EndGlobalSection
	GlobalSection(SolutionProperties) = preSolution
		HideSolutionNode = FALSE
	EndGlobalSection
	GlobalSection(NestedProjects) = preSolution
		{CA9B6FA7-9A52-49E9-9387-22C82B0F8962} = {BCA0E7A7-7C4B-4570-BCA6-E1ACD5437A43}
		{8AE4897A-EA74-49B1-BA55-D892C27AF9C9} = {BCA0E7A7-7C4B-4570-BCA6-E1ACD5437A43}
		{B3C5260D-B56B-4A24-AF02-768C1FF11370} = {8B21018A-1DFA-4F82-AFBC-69B5FD2852E8}
		{728E76F6-CEF8-4F92-8FB6-7FA7DB131831} = {8B21018A-1DFA-4F82-AFBC-69B5FD2852E8}
		{EE92FDB2-BAC7-4D6F-8675-EB6002960CF5} = {8B21018A-1DFA-4F82-AFBC-69B5FD2852E8}
	EndGlobalSection
EndGlobal
