
Microsoft Visual Studio Solution File, Format Version 11.00
# Visual Studio 2010
# SharpDevelop 4.3
Project("{2150E333-8FDC-42A3-9474-1A3956D46DE8}") = "Diff", "Diff", "{BCA0E7A7-7C4B-4570-BCA6-E1ACD5437A43}"
	ProjectSection(SolutionItems) = postProject
	EndProjectSection
EndProject
Project("{FAE04EC0-301F-11D3-BF4B-00C04F79EFBC}") = "DiffCalc", "Projects\DiffCalc\DiffCalc.csproj", "{CA9B6FA7-9A52-49E9-9387-22C82B0F8962}"
EndProject
Project("{FAE04EC0-301F-11D3-BF4B-00C04F79EFBC}") = "DifferenceEngine", "Projects\DifferenceEngine\DifferenceEngine.csproj", "{8AE4897A-EA74-49B1-BA55-D892C27AF9C9}"
EndProject
Project("{2150E333-8FDC-42A3-9474-1A3956D46DE8}") = "Plugins", "Plugins", "{8B21018A-1DFA-4F82-AFBC-69B5FD2852E8}"
	ProjectSection(SolutionItems) = postProject
	EndProjectSection
EndProject
Project("{FAE04EC0-301F-11D3-BF4B-00C04F79EFBC}") = "PluginOutputView", "Projects\PluginOutputView\PluginOutputView.csproj", "{728E76F6-CEF8-4F92-8FB6-7FA7DB131831}"
EndProject
Project("{FAE04EC0-301F-11D3-BF4B-00C04F79EFBC}") = "PluginHost", "Projects\PluginHost\PluginHost.csproj", "{EE92FDB2-BAC7-4D6F-8675-EB6002960CF5}"
EndProject
Project("{FAE04EC0-301F-11D3-BF4B-00C04F79EFBC}") = "PluginModel", "Projects\PluginModel\PluginModel.csproj", "{FBF0402A-B7E1-4BEF-985C-8892050C56C8}"
EndProject
Project("{F184B08F-C81C-45F6-A57F-5ABD9991F28F}") = "PluginDB", "Projects\PluginDB\PluginDB.vbproj", "{0B82E589-0317-41B2-9B96-2BE5F0B7D5CF}"
EndProject
Project("{F184B08F-C81C-45F6-A57F-5ABD9991F28F}") = "PluginExport", "Projects\PluginExport\PluginExport.vbproj", "{FF0D83A2-DB65-4697-8555-2E1F5461A34C}"
EndProject
Project("{F184B08F-C81C-45F6-A57F-5ABD9991F28F}") = "PluginCompare", "Projects\PluginCompare\PluginCompare.vbproj", "{5737F3E9-675E-46AF-B6E3-ABFB50B565D2}"
EndProject
Project("{F184B08F-C81C-45F6-A57F-5ABD9991F28F}") = "PluginDoc", "Projects\PluginDoc\PluginDoc.vbproj", "{E5EAFA0C-96C1-437A-B21E-31C25A4DEE28}"
EndProject
Project("{F184B08F-C81C-45F6-A57F-5ABD9991F28F}") = "PluginPropertyView", "Projects\PluginPropertyView\PluginPropertyView.vbproj", "{31F83BBE-46CA-4596-AA8A-F4E6F5040E1C}"
EndProject
Project("{FAE04EC0-301F-11D3-BF4B-00C04F79EFBC}") = "PluginModelIO", "Projects\PluginModelIO\PluginModelIO.csproj", "{DF097FFD-6321-44FE-9054-A9CED555785B}"
EndProject
Project("{FAE04EC0-301F-11D3-BF4B-00C04F79EFBC}") = "PluginModelUnitTests", "Projects\PluginModelUnitTests\PluginModelUnitTests.csproj", "{7CE09D34-569F-464E-B4BB-D6B847276E55}"
EndProject
Project("{FAE04EC0-301F-11D3-BF4B-00C04F79EFBC}") = "PluginHostUI", "Projects\PluginHostUI\PluginHostUI.csproj", "{0EA17F39-28A4-47FB-A51F-052430EB1BD5}"
EndProject
Project("{FAE04EC0-301F-11D3-BF4B-00C04F79EFBC}") = "CostAnalysisWindow", "Projects\CostAnalysisWindow\CostAnalysisWindow.csproj", "{C97D64C1-0368-4AE0-98D5-00248EC22095}"
EndProject
Project("{2150E333-8FDC-42A3-9474-1A3956D46DE8}") = "Custom", "Custom", "{B120F490-0BA0-4A24-ADA5-5DBF56B9295C}"
	ProjectSection(SolutionItems) = postProject
	EndProjectSection
EndProject
Project("{FAE04EC0-301F-11D3-BF4B-00C04F79EFBC}") = "SampleProperties", "Projects\SampleProperties\SampleProperties.csproj", "{D75A9F8C-8B5A-40B1-9CAE-A57D3A291007}"
EndProject
Project("{F184B08F-C81C-45F6-A57F-5ABD9991F28F}") = "PluginImport", "Projects\PluginImport\PluginImport.vbproj", "{BF61B213-FE92-4AEC-A88A-4890B9A99FA4}"
EndProject
Project("{F184B08F-C81C-45F6-A57F-5ABD9991F28F}") = "DekalbProperties", "Projects\DekalbProperties\DekalbProperties.vbproj", "{BF18B4F1-0B84-470A-B6CF-00931F2677D4}"
EndProject
Project("{2150E333-8FDC-42A3-9474-1A3956D46DE8}") = "CommandLine", "CommandLine", "{E262F96D-415F-4CF8-996D-27558EFB670C}"
	ProjectSection(SolutionItems) = postProject
	EndProjectSection
EndProject
Project("{FAE04EC0-301F-11D3-BF4B-00C04F79EFBC}") = "CmdExport", "Projects\CmdExport\CmdExport.csproj", "{D177A0D7-4372-40F2-B027-BD34C771A990}"
EndProject
Project("{F184B08F-C81C-45F6-A57F-5ABD9991F28F}") = "DCSQuote", "DCSQuote.vbproj", "{2A0B4E0A-4616-48F7-99FA-5A237EE94A9F}"
EndProject
Project("{F184B08F-C81C-45F6-A57F-5ABD9991F28F}") = "DCSDataCommon", "DCSDataCommon\DCSDataCommon.vbproj", "{9A59AF91-9074-4358-AD27-41D9C9D50986}"
EndProject
Project("{F184B08F-C81C-45F6-A57F-5ABD9991F28F}") = "DCSDataGrid", "DCSDataGrid\DCSDataGrid.vbproj", "{B3093DDF-04C2-47AB-8E5B-99D151AA1C53}"
EndProject
Global
	GlobalSection(SolutionConfigurationPlatforms) = preSolution
		Debug|Any CPU = Debug|Any CPU
		Debug|Mixed Platforms = Debug|Mixed Platforms
		Debug|Win32 = Debug|Win32
		Debug|x64 = Debug|x64
		Debug|x86 = Debug|x86
		Release|Any CPU = Release|Any CPU
		Release|Mixed Platforms = Release|Mixed Platforms
		Release|Win32 = Release|Win32
		Release|x64 = Release|x64
		Release|x86 = Release|x86
	EndGlobalSection
	GlobalSection(ProjectConfigurationPlatforms) = postSolution
		{CA9B6FA7-9A52-49E9-9387-22C82B0F8962}.Debug|Any CPU.ActiveCfg = Debug|Any CPU
		{CA9B6FA7-9A52-49E9-9387-22C82B0F8962}.Debug|Any CPU.Build.0 = Debug|Any CPU
		{CA9B6FA7-9A52-49E9-9387-22C82B0F8962}.Debug|Mixed Platforms.ActiveCfg = Debug|Any CPU
		{CA9B6FA7-9A52-49E9-9387-22C82B0F8962}.Debug|Mixed Platforms.Build.0 = Debug|Any CPU
		{CA9B6FA7-9A52-49E9-9387-22C82B0F8962}.Debug|Win32.ActiveCfg = Debug|Any CPU
		{CA9B6FA7-9A52-49E9-9387-22C82B0F8962}.Debug|x64.ActiveCfg = Debug|Any CPU
		{CA9B6FA7-9A52-49E9-9387-22C82B0F8962}.Debug|x86.ActiveCfg = Debug|Any CPU
		{CA9B6FA7-9A52-49E9-9387-22C82B0F8962}.Release|Any CPU.ActiveCfg = Release|Any CPU
		{CA9B6FA7-9A52-49E9-9387-22C82B0F8962}.Release|Any CPU.Build.0 = Release|Any CPU
		{CA9B6FA7-9A52-49E9-9387-22C82B0F8962}.Release|Mixed Platforms.ActiveCfg = Release|Any CPU
		{CA9B6FA7-9A52-49E9-9387-22C82B0F8962}.Release|Mixed Platforms.Build.0 = Release|Any CPU
		{CA9B6FA7-9A52-49E9-9387-22C82B0F8962}.Release|Win32.ActiveCfg = Release|Any CPU
		{CA9B6FA7-9A52-49E9-9387-22C82B0F8962}.Release|x64.ActiveCfg = Release|Any CPU
		{CA9B6FA7-9A52-49E9-9387-22C82B0F8962}.Release|x86.ActiveCfg = Release|Any CPU
		{8AE4897A-EA74-49B1-BA55-D892C27AF9C9}.Debug|Any CPU.ActiveCfg = Debug|Any CPU
		{8AE4897A-EA74-49B1-BA55-D892C27AF9C9}.Debug|Any CPU.Build.0 = Debug|Any CPU
		{8AE4897A-EA74-49B1-BA55-D892C27AF9C9}.Debug|Mixed Platforms.ActiveCfg = Debug|Any CPU
		{8AE4897A-EA74-49B1-BA55-D892C27AF9C9}.Debug|Mixed Platforms.Build.0 = Debug|Any CPU
		{8AE4897A-EA74-49B1-BA55-D892C27AF9C9}.Debug|Win32.ActiveCfg = Debug|Any CPU
		{8AE4897A-EA74-49B1-BA55-D892C27AF9C9}.Debug|x64.ActiveCfg = Debug|Any CPU
		{8AE4897A-EA74-49B1-BA55-D892C27AF9C9}.Debug|x86.ActiveCfg = Debug|Any CPU
		{8AE4897A-EA74-49B1-BA55-D892C27AF9C9}.Release|Any CPU.ActiveCfg = Release|Any CPU
		{8AE4897A-EA74-49B1-BA55-D892C27AF9C9}.Release|Any CPU.Build.0 = Release|Any CPU
		{8AE4897A-EA74-49B1-BA55-D892C27AF9C9}.Release|Mixed Platforms.ActiveCfg = Release|Any CPU
		{8AE4897A-EA74-49B1-BA55-D892C27AF9C9}.Release|Mixed Platforms.Build.0 = Release|Any CPU
		{8AE4897A-EA74-49B1-BA55-D892C27AF9C9}.Release|Win32.ActiveCfg = Release|Any CPU
		{8AE4897A-EA74-49B1-BA55-D892C27AF9C9}.Release|x64.ActiveCfg = Release|Any CPU
		{8AE4897A-EA74-49B1-BA55-D892C27AF9C9}.Release|x86.ActiveCfg = Release|Any CPU
		{728E76F6-CEF8-4F92-8FB6-7FA7DB131831}.Debug|Any CPU.ActiveCfg = Debug|Any CPU
		{728E76F6-CEF8-4F92-8FB6-7FA7DB131831}.Debug|Any CPU.Build.0 = Debug|Any CPU
		{728E76F6-CEF8-4F92-8FB6-7FA7DB131831}.Debug|Mixed Platforms.ActiveCfg = Debug|Any CPU
		{728E76F6-CEF8-4F92-8FB6-7FA7DB131831}.Debug|Mixed Platforms.Build.0 = Debug|Any CPU
		{728E76F6-CEF8-4F92-8FB6-7FA7DB131831}.Debug|Win32.ActiveCfg = Debug|Any CPU
		{728E76F6-CEF8-4F92-8FB6-7FA7DB131831}.Debug|x64.ActiveCfg = Debug|Any CPU
		{728E76F6-CEF8-4F92-8FB6-7FA7DB131831}.Debug|x86.ActiveCfg = Debug|Any CPU
		{728E76F6-CEF8-4F92-8FB6-7FA7DB131831}.Release|Any CPU.ActiveCfg = Release|Any CPU
		{728E76F6-CEF8-4F92-8FB6-7FA7DB131831}.Release|Any CPU.Build.0 = Release|Any CPU
		{728E76F6-CEF8-4F92-8FB6-7FA7DB131831}.Release|Mixed Platforms.ActiveCfg = Release|Any CPU
		{728E76F6-CEF8-4F92-8FB6-7FA7DB131831}.Release|Mixed Platforms.Build.0 = Release|Any CPU
		{728E76F6-CEF8-4F92-8FB6-7FA7DB131831}.Release|Win32.ActiveCfg = Release|Any CPU
		{728E76F6-CEF8-4F92-8FB6-7FA7DB131831}.Release|x64.ActiveCfg = Release|Any CPU
		{728E76F6-CEF8-4F92-8FB6-7FA7DB131831}.Release|x86.ActiveCfg = Release|Any CPU
		{EE92FDB2-BAC7-4D6F-8675-EB6002960CF5}.Debug|Any CPU.ActiveCfg = Debug|Any CPU
		{EE92FDB2-BAC7-4D6F-8675-EB6002960CF5}.Debug|Any CPU.Build.0 = Debug|Any CPU
		{EE92FDB2-BAC7-4D6F-8675-EB6002960CF5}.Debug|Mixed Platforms.ActiveCfg = Debug|Any CPU
		{EE92FDB2-BAC7-4D6F-8675-EB6002960CF5}.Debug|Mixed Platforms.Build.0 = Debug|Any CPU
		{EE92FDB2-BAC7-4D6F-8675-EB6002960CF5}.Debug|Win32.ActiveCfg = Debug|Any CPU
		{EE92FDB2-BAC7-4D6F-8675-EB6002960CF5}.Debug|x64.ActiveCfg = Debug|Any CPU
		{EE92FDB2-BAC7-4D6F-8675-EB6002960CF5}.Debug|x86.ActiveCfg = Debug|Any CPU
		{EE92FDB2-BAC7-4D6F-8675-EB6002960CF5}.Release|Any CPU.ActiveCfg = Release|Any CPU
		{EE92FDB2-BAC7-4D6F-8675-EB6002960CF5}.Release|Any CPU.Build.0 = Release|Any CPU
		{EE92FDB2-BAC7-4D6F-8675-EB6002960CF5}.Release|Mixed Platforms.ActiveCfg = Release|Any CPU
		{EE92FDB2-BAC7-4D6F-8675-EB6002960CF5}.Release|Mixed Platforms.Build.0 = Release|Any CPU
		{EE92FDB2-BAC7-4D6F-8675-EB6002960CF5}.Release|Win32.ActiveCfg = Release|Any CPU
		{EE92FDB2-BAC7-4D6F-8675-EB6002960CF5}.Release|x64.ActiveCfg = Release|Any CPU
		{EE92FDB2-BAC7-4D6F-8675-EB6002960CF5}.Release|x86.ActiveCfg = Release|Any CPU
		{FBF0402A-B7E1-4BEF-985C-8892050C56C8}.Debug|Any CPU.ActiveCfg = Debug|Any CPU
		{FBF0402A-B7E1-4BEF-985C-8892050C56C8}.Debug|Any CPU.Build.0 = Debug|Any CPU
		{FBF0402A-B7E1-4BEF-985C-8892050C56C8}.Debug|Mixed Platforms.ActiveCfg = Debug|Any CPU
		{FBF0402A-B7E1-4BEF-985C-8892050C56C8}.Debug|Mixed Platforms.Build.0 = Debug|Any CPU
		{FBF0402A-B7E1-4BEF-985C-8892050C56C8}.Debug|Win32.ActiveCfg = Debug|Any CPU
		{FBF0402A-B7E1-4BEF-985C-8892050C56C8}.Debug|x64.ActiveCfg = Debug|Any CPU
		{FBF0402A-B7E1-4BEF-985C-8892050C56C8}.Debug|x86.ActiveCfg = Debug|Any CPU
		{FBF0402A-B7E1-4BEF-985C-8892050C56C8}.Release|Any CPU.ActiveCfg = Release|Any CPU
		{FBF0402A-B7E1-4BEF-985C-8892050C56C8}.Release|Any CPU.Build.0 = Release|Any CPU
		{FBF0402A-B7E1-4BEF-985C-8892050C56C8}.Release|Mixed Platforms.ActiveCfg = Release|Any CPU
		{FBF0402A-B7E1-4BEF-985C-8892050C56C8}.Release|Mixed Platforms.Build.0 = Release|Any CPU
		{FBF0402A-B7E1-4BEF-985C-8892050C56C8}.Release|Win32.ActiveCfg = Release|Any CPU
		{FBF0402A-B7E1-4BEF-985C-8892050C56C8}.Release|x64.ActiveCfg = Release|Any CPU
		{FBF0402A-B7E1-4BEF-985C-8892050C56C8}.Release|x86.ActiveCfg = Release|Any CPU
		{0B82E589-0317-41B2-9B96-2BE5F0B7D5CF}.Debug|Any CPU.ActiveCfg = Debug|Any CPU
		{0B82E589-0317-41B2-9B96-2BE5F0B7D5CF}.Debug|Any CPU.Build.0 = Debug|Any CPU
		{0B82E589-0317-41B2-9B96-2BE5F0B7D5CF}.Debug|Mixed Platforms.ActiveCfg = Debug|Any CPU
		{0B82E589-0317-41B2-9B96-2BE5F0B7D5CF}.Debug|Mixed Platforms.Build.0 = Debug|Any CPU
		{0B82E589-0317-41B2-9B96-2BE5F0B7D5CF}.Debug|Win32.ActiveCfg = Debug|Any CPU
		{0B82E589-0317-41B2-9B96-2BE5F0B7D5CF}.Debug|x64.ActiveCfg = Debug|Any CPU
		{0B82E589-0317-41B2-9B96-2BE5F0B7D5CF}.Debug|x86.ActiveCfg = Debug|Any CPU
		{0B82E589-0317-41B2-9B96-2BE5F0B7D5CF}.Release|Any CPU.ActiveCfg = Release|Any CPU
		{0B82E589-0317-41B2-9B96-2BE5F0B7D5CF}.Release|Any CPU.Build.0 = Release|Any CPU
		{0B82E589-0317-41B2-9B96-2BE5F0B7D5CF}.Release|Mixed Platforms.ActiveCfg = Release|Any CPU
		{0B82E589-0317-41B2-9B96-2BE5F0B7D5CF}.Release|Mixed Platforms.Build.0 = Release|Any CPU
		{0B82E589-0317-41B2-9B96-2BE5F0B7D5CF}.Release|Win32.ActiveCfg = Release|Any CPU
		{0B82E589-0317-41B2-9B96-2BE5F0B7D5CF}.Release|x64.ActiveCfg = Release|Any CPU
		{0B82E589-0317-41B2-9B96-2BE5F0B7D5CF}.Release|x86.ActiveCfg = Release|Any CPU
		{FF0D83A2-DB65-4697-8555-2E1F5461A34C}.Debug|Any CPU.ActiveCfg = Debug|Any CPU
		{FF0D83A2-DB65-4697-8555-2E1F5461A34C}.Debug|Any CPU.Build.0 = Debug|Any CPU
		{FF0D83A2-DB65-4697-8555-2E1F5461A34C}.Debug|Mixed Platforms.ActiveCfg = Debug|Any CPU
		{FF0D83A2-DB65-4697-8555-2E1F5461A34C}.Debug|Mixed Platforms.Build.0 = Debug|Any CPU
		{FF0D83A2-DB65-4697-8555-2E1F5461A34C}.Debug|Win32.ActiveCfg = Debug|Any CPU
		{FF0D83A2-DB65-4697-8555-2E1F5461A34C}.Debug|x64.ActiveCfg = Debug|Any CPU
		{FF0D83A2-DB65-4697-8555-2E1F5461A34C}.Debug|x86.ActiveCfg = Debug|Any CPU
		{FF0D83A2-DB65-4697-8555-2E1F5461A34C}.Release|Any CPU.ActiveCfg = Release|Any CPU
		{FF0D83A2-DB65-4697-8555-2E1F5461A34C}.Release|Any CPU.Build.0 = Release|Any CPU
		{FF0D83A2-DB65-4697-8555-2E1F5461A34C}.Release|Mixed Platforms.ActiveCfg = Release|Any CPU
		{FF0D83A2-DB65-4697-8555-2E1F5461A34C}.Release|Mixed Platforms.Build.0 = Release|Any CPU
		{FF0D83A2-DB65-4697-8555-2E1F5461A34C}.Release|Win32.ActiveCfg = Release|Any CPU
		{FF0D83A2-DB65-4697-8555-2E1F5461A34C}.Release|x64.ActiveCfg = Release|Any CPU
		{FF0D83A2-DB65-4697-8555-2E1F5461A34C}.Release|x86.ActiveCfg = Release|Any CPU
		{5737F3E9-675E-46AF-B6E3-ABFB50B565D2}.Debug|Any CPU.ActiveCfg = Debug|x86
		{5737F3E9-675E-46AF-B6E3-ABFB50B565D2}.Debug|Mixed Platforms.ActiveCfg = Debug|x86
		{5737F3E9-675E-46AF-B6E3-ABFB50B565D2}.Debug|Mixed Platforms.Build.0 = Debug|x86
		{5737F3E9-675E-46AF-B6E3-ABFB50B565D2}.Debug|Win32.ActiveCfg = Debug|x86
		{5737F3E9-675E-46AF-B6E3-ABFB50B565D2}.Debug|x64.ActiveCfg = Debug|x86
		{5737F3E9-675E-46AF-B6E3-ABFB50B565D2}.Debug|x86.ActiveCfg = Debug|x86
		{5737F3E9-675E-46AF-B6E3-ABFB50B565D2}.Debug|x86.Build.0 = Debug|x86
		{5737F3E9-675E-46AF-B6E3-ABFB50B565D2}.Release|Any CPU.ActiveCfg = Release|x86
		{5737F3E9-675E-46AF-B6E3-ABFB50B565D2}.Release|Mixed Platforms.ActiveCfg = Release|x86
		{5737F3E9-675E-46AF-B6E3-ABFB50B565D2}.Release|Mixed Platforms.Build.0 = Release|x86
		{5737F3E9-675E-46AF-B6E3-ABFB50B565D2}.Release|Win32.ActiveCfg = Release|x86
		{5737F3E9-675E-46AF-B6E3-ABFB50B565D2}.Release|x64.ActiveCfg = Release|x86
		{5737F3E9-675E-46AF-B6E3-ABFB50B565D2}.Release|x86.ActiveCfg = Release|x86
		{5737F3E9-675E-46AF-B6E3-ABFB50B565D2}.Release|x86.Build.0 = Release|x86
		{E5EAFA0C-96C1-437A-B21E-31C25A4DEE28}.Debug|Any CPU.ActiveCfg = Debug|x86
		{E5EAFA0C-96C1-437A-B21E-31C25A4DEE28}.Debug|Mixed Platforms.ActiveCfg = Debug|x86
		{E5EAFA0C-96C1-437A-B21E-31C25A4DEE28}.Debug|Mixed Platforms.Build.0 = Debug|x86
		{E5EAFA0C-96C1-437A-B21E-31C25A4DEE28}.Debug|Win32.ActiveCfg = Debug|x86
		{E5EAFA0C-96C1-437A-B21E-31C25A4DEE28}.Debug|x64.ActiveCfg = Debug|x86
		{E5EAFA0C-96C1-437A-B21E-31C25A4DEE28}.Debug|x86.ActiveCfg = Debug|x86
		{E5EAFA0C-96C1-437A-B21E-31C25A4DEE28}.Debug|x86.Build.0 = Debug|x86
		{E5EAFA0C-96C1-437A-B21E-31C25A4DEE28}.Release|Any CPU.ActiveCfg = Release|x86
		{E5EAFA0C-96C1-437A-B21E-31C25A4DEE28}.Release|Mixed Platforms.ActiveCfg = Release|x86
		{E5EAFA0C-96C1-437A-B21E-31C25A4DEE28}.Release|Mixed Platforms.Build.0 = Release|x86
		{E5EAFA0C-96C1-437A-B21E-31C25A4DEE28}.Release|Win32.ActiveCfg = Release|x86
		{E5EAFA0C-96C1-437A-B21E-31C25A4DEE28}.Release|x64.ActiveCfg = Release|x86
		{E5EAFA0C-96C1-437A-B21E-31C25A4DEE28}.Release|x86.ActiveCfg = Release|x86
		{E5EAFA0C-96C1-437A-B21E-31C25A4DEE28}.Release|x86.Build.0 = Release|x86
		{31F83BBE-46CA-4596-AA8A-F4E6F5040E1C}.Debug|Any CPU.ActiveCfg = Debug|Any CPU
		{31F83BBE-46CA-4596-AA8A-F4E6F5040E1C}.Debug|Any CPU.Build.0 = Debug|Any CPU
		{31F83BBE-46CA-4596-AA8A-F4E6F5040E1C}.Debug|Mixed Platforms.ActiveCfg = Debug|Any CPU
		{31F83BBE-46CA-4596-AA8A-F4E6F5040E1C}.Debug|Mixed Platforms.Build.0 = Debug|Any CPU
		{31F83BBE-46CA-4596-AA8A-F4E6F5040E1C}.Debug|Win32.ActiveCfg = Debug|Any CPU
		{31F83BBE-46CA-4596-AA8A-F4E6F5040E1C}.Debug|x64.ActiveCfg = Debug|Any CPU
		{31F83BBE-46CA-4596-AA8A-F4E6F5040E1C}.Debug|x86.ActiveCfg = Debug|Any CPU
		{31F83BBE-46CA-4596-AA8A-F4E6F5040E1C}.Release|Any CPU.ActiveCfg = Release|Any CPU
		{31F83BBE-46CA-4596-AA8A-F4E6F5040E1C}.Release|Any CPU.Build.0 = Release|Any CPU
		{31F83BBE-46CA-4596-AA8A-F4E6F5040E1C}.Release|Mixed Platforms.ActiveCfg = Release|Any CPU
		{31F83BBE-46CA-4596-AA8A-F4E6F5040E1C}.Release|Mixed Platforms.Build.0 = Release|Any CPU
		{31F83BBE-46CA-4596-AA8A-F4E6F5040E1C}.Release|Win32.ActiveCfg = Release|Any CPU
		{31F83BBE-46CA-4596-AA8A-F4E6F5040E1C}.Release|x64.ActiveCfg = Release|Any CPU
		{31F83BBE-46CA-4596-AA8A-F4E6F5040E1C}.Release|x86.ActiveCfg = Release|Any CPU
		{DF097FFD-6321-44FE-9054-A9CED555785B}.Debug|Any CPU.ActiveCfg = Debug|Any CPU
		{DF097FFD-6321-44FE-9054-A9CED555785B}.Debug|Any CPU.Build.0 = Debug|Any CPU
		{DF097FFD-6321-44FE-9054-A9CED555785B}.Debug|Mixed Platforms.ActiveCfg = Debug|Any CPU
		{DF097FFD-6321-44FE-9054-A9CED555785B}.Debug|Mixed Platforms.Build.0 = Debug|Any CPU
		{DF097FFD-6321-44FE-9054-A9CED555785B}.Debug|Win32.ActiveCfg = Debug|Any CPU
		{DF097FFD-6321-44FE-9054-A9CED555785B}.Debug|Win32.Build.0 = Debug|Any CPU
		{DF097FFD-6321-44FE-9054-A9CED555785B}.Debug|x64.ActiveCfg = Debug|Any CPU
		{DF097FFD-6321-44FE-9054-A9CED555785B}.Debug|x64.Build.0 = Debug|Any CPU
		{DF097FFD-6321-44FE-9054-A9CED555785B}.Debug|x86.ActiveCfg = Debug|Any CPU
		{DF097FFD-6321-44FE-9054-A9CED555785B}.Debug|x86.Build.0 = Debug|Any CPU
		{DF097FFD-6321-44FE-9054-A9CED555785B}.Release|Any CPU.ActiveCfg = Release|Any CPU
		{DF097FFD-6321-44FE-9054-A9CED555785B}.Release|Any CPU.Build.0 = Release|Any CPU
		{DF097FFD-6321-44FE-9054-A9CED555785B}.Release|Mixed Platforms.ActiveCfg = Release|Any CPU
		{DF097FFD-6321-44FE-9054-A9CED555785B}.Release|Mixed Platforms.Build.0 = Release|Any CPU
		{DF097FFD-6321-44FE-9054-A9CED555785B}.Release|Win32.ActiveCfg = Release|Any CPU
		{DF097FFD-6321-44FE-9054-A9CED555785B}.Release|Win32.Build.0 = Release|Any CPU
		{DF097FFD-6321-44FE-9054-A9CED555785B}.Release|x64.ActiveCfg = Release|Any CPU
		{DF097FFD-6321-44FE-9054-A9CED555785B}.Release|x64.Build.0 = Release|Any CPU
		{DF097FFD-6321-44FE-9054-A9CED555785B}.Release|x86.ActiveCfg = Release|Any CPU
		{DF097FFD-6321-44FE-9054-A9CED555785B}.Release|x86.Build.0 = Release|Any CPU
		{7CE09D34-569F-464E-B4BB-D6B847276E55}.Debug|Any CPU.ActiveCfg = Debug|Any CPU
		{7CE09D34-569F-464E-B4BB-D6B847276E55}.Debug|Any CPU.Build.0 = Debug|Any CPU
		{7CE09D34-569F-464E-B4BB-D6B847276E55}.Debug|Mixed Platforms.ActiveCfg = Debug|Any CPU
		{7CE09D34-569F-464E-B4BB-D6B847276E55}.Debug|Mixed Platforms.Build.0 = Debug|Any CPU
		{7CE09D34-569F-464E-B4BB-D6B847276E55}.Debug|Win32.ActiveCfg = Debug|Any CPU
		{7CE09D34-569F-464E-B4BB-D6B847276E55}.Debug|Win32.Build.0 = Debug|Any CPU
		{7CE09D34-569F-464E-B4BB-D6B847276E55}.Debug|x64.ActiveCfg = Debug|Any CPU
		{7CE09D34-569F-464E-B4BB-D6B847276E55}.Debug|x64.Build.0 = Debug|Any CPU
		{7CE09D34-569F-464E-B4BB-D6B847276E55}.Debug|x86.ActiveCfg = Debug|Any CPU
		{7CE09D34-569F-464E-B4BB-D6B847276E55}.Debug|x86.Build.0 = Debug|Any CPU
		{7CE09D34-569F-464E-B4BB-D6B847276E55}.Release|Any CPU.ActiveCfg = Release|Any CPU
		{7CE09D34-569F-464E-B4BB-D6B847276E55}.Release|Any CPU.Build.0 = Release|Any CPU
		{7CE09D34-569F-464E-B4BB-D6B847276E55}.Release|Mixed Platforms.ActiveCfg = Release|Any CPU
		{7CE09D34-569F-464E-B4BB-D6B847276E55}.Release|Mixed Platforms.Build.0 = Release|Any CPU
		{7CE09D34-569F-464E-B4BB-D6B847276E55}.Release|Win32.ActiveCfg = Release|Any CPU
		{7CE09D34-569F-464E-B4BB-D6B847276E55}.Release|Win32.Build.0 = Release|Any CPU
		{7CE09D34-569F-464E-B4BB-D6B847276E55}.Release|x64.ActiveCfg = Release|Any CPU
		{7CE09D34-569F-464E-B4BB-D6B847276E55}.Release|x64.Build.0 = Release|Any CPU
		{7CE09D34-569F-464E-B4BB-D6B847276E55}.Release|x86.ActiveCfg = Release|Any CPU
		{7CE09D34-569F-464E-B4BB-D6B847276E55}.Release|x86.Build.0 = Release|Any CPU
		{0EA17F39-28A4-47FB-A51F-052430EB1BD5}.Debug|Any CPU.ActiveCfg = Debug|Any CPU
		{0EA17F39-28A4-47FB-A51F-052430EB1BD5}.Debug|Any CPU.Build.0 = Debug|Any CPU
		{0EA17F39-28A4-47FB-A51F-052430EB1BD5}.Debug|Mixed Platforms.ActiveCfg = Debug|Mixed Platforms
		{0EA17F39-28A4-47FB-A51F-052430EB1BD5}.Debug|Mixed Platforms.Build.0 = Debug|Mixed Platforms
		{0EA17F39-28A4-47FB-A51F-052430EB1BD5}.Debug|Win32.ActiveCfg = Debug|Win32
		{0EA17F39-28A4-47FB-A51F-052430EB1BD5}.Debug|Win32.Build.0 = Debug|Win32
		{0EA17F39-28A4-47FB-A51F-052430EB1BD5}.Debug|x64.ActiveCfg = Debug|x64
		{0EA17F39-28A4-47FB-A51F-052430EB1BD5}.Debug|x64.Build.0 = Debug|x64
		{0EA17F39-28A4-47FB-A51F-052430EB1BD5}.Debug|x86.ActiveCfg = Debug|x86
		{0EA17F39-28A4-47FB-A51F-052430EB1BD5}.Debug|x86.Build.0 = Debug|x86
		{0EA17F39-28A4-47FB-A51F-052430EB1BD5}.Release|Any CPU.ActiveCfg = Release|Any CPU
		{0EA17F39-28A4-47FB-A51F-052430EB1BD5}.Release|Any CPU.Build.0 = Release|Any CPU
		{0EA17F39-28A4-47FB-A51F-052430EB1BD5}.Release|Mixed Platforms.ActiveCfg = Release|Mixed Platforms
		{0EA17F39-28A4-47FB-A51F-052430EB1BD5}.Release|Mixed Platforms.Build.0 = Release|Mixed Platforms
		{0EA17F39-28A4-47FB-A51F-052430EB1BD5}.Release|Win32.ActiveCfg = Release|Win32
		{0EA17F39-28A4-47FB-A51F-052430EB1BD5}.Release|Win32.Build.0 = Release|Win32
		{0EA17F39-28A4-47FB-A51F-052430EB1BD5}.Release|x64.ActiveCfg = Release|x64
		{0EA17F39-28A4-47FB-A51F-052430EB1BD5}.Release|x64.Build.0 = Release|x64
		{0EA17F39-28A4-47FB-A51F-052430EB1BD5}.Release|x86.ActiveCfg = Release|x86
		{0EA17F39-28A4-47FB-A51F-052430EB1BD5}.Release|x86.Build.0 = Release|x86
		{D75A9F8C-8B5A-40B1-9CAE-A57D3A291007}.Debug|Any CPU.ActiveCfg = Debug|Any CPU
		{D75A9F8C-8B5A-40B1-9CAE-A57D3A291007}.Debug|Any CPU.Build.0 = Debug|Any CPU
		{D75A9F8C-8B5A-40B1-9CAE-A57D3A291007}.Debug|Mixed Platforms.ActiveCfg = Debug|Any CPU
		{D75A9F8C-8B5A-40B1-9CAE-A57D3A291007}.Debug|Mixed Platforms.Build.0 = Debug|Any CPU
		{D75A9F8C-8B5A-40B1-9CAE-A57D3A291007}.Debug|Win32.ActiveCfg = Debug|Any CPU
		{D75A9F8C-8B5A-40B1-9CAE-A57D3A291007}.Debug|x64.ActiveCfg = Debug|Any CPU
		{D75A9F8C-8B5A-40B1-9CAE-A57D3A291007}.Debug|x86.ActiveCfg = Debug|Any CPU
		{D75A9F8C-8B5A-40B1-9CAE-A57D3A291007}.Release|Any CPU.ActiveCfg = Release|Any CPU
		{D75A9F8C-8B5A-40B1-9CAE-A57D3A291007}.Release|Any CPU.Build.0 = Release|Any CPU
		{D75A9F8C-8B5A-40B1-9CAE-A57D3A291007}.Release|Mixed Platforms.ActiveCfg = Release|Any CPU
		{D75A9F8C-8B5A-40B1-9CAE-A57D3A291007}.Release|Mixed Platforms.Build.0 = Release|Any CPU
		{D75A9F8C-8B5A-40B1-9CAE-A57D3A291007}.Release|Win32.ActiveCfg = Release|Any CPU
		{D75A9F8C-8B5A-40B1-9CAE-A57D3A291007}.Release|x64.ActiveCfg = Release|Any CPU
		{D75A9F8C-8B5A-40B1-9CAE-A57D3A291007}.Release|x86.ActiveCfg = Release|Any CPU
		{BF61B213-FE92-4AEC-A88A-4890B9A99FA4}.Debug|Any CPU.ActiveCfg = Debug|Any CPU
		{BF61B213-FE92-4AEC-A88A-4890B9A99FA4}.Debug|Any CPU.Build.0 = Debug|Any CPU
		{BF61B213-FE92-4AEC-A88A-4890B9A99FA4}.Debug|Mixed Platforms.ActiveCfg = Debug|Any CPU
		{BF61B213-FE92-4AEC-A88A-4890B9A99FA4}.Debug|Mixed Platforms.Build.0 = Debug|Any CPU
		{BF61B213-FE92-4AEC-A88A-4890B9A99FA4}.Debug|Win32.ActiveCfg = Debug|Any CPU
		{BF61B213-FE92-4AEC-A88A-4890B9A99FA4}.Debug|x64.ActiveCfg = Debug|Any CPU
		{BF61B213-FE92-4AEC-A88A-4890B9A99FA4}.Debug|x86.ActiveCfg = Debug|Any CPU
		{BF61B213-FE92-4AEC-A88A-4890B9A99FA4}.Release|Any CPU.ActiveCfg = Release|Any CPU
		{BF61B213-FE92-4AEC-A88A-4890B9A99FA4}.Release|Any CPU.Build.0 = Release|Any CPU
		{BF61B213-FE92-4AEC-A88A-4890B9A99FA4}.Release|Mixed Platforms.ActiveCfg = Release|Any CPU
		{BF61B213-FE92-4AEC-A88A-4890B9A99FA4}.Release|Mixed Platforms.Build.0 = Release|Any CPU
		{BF61B213-FE92-4AEC-A88A-4890B9A99FA4}.Release|Win32.ActiveCfg = Release|Any CPU
		{BF61B213-FE92-4AEC-A88A-4890B9A99FA4}.Release|x64.ActiveCfg = Release|Any CPU
		{BF61B213-FE92-4AEC-A88A-4890B9A99FA4}.Release|x86.ActiveCfg = Release|Any CPU
		{BF18B4F1-0B84-470A-B6CF-00931F2677D4}.Debug|Any CPU.ActiveCfg = Debug|Any CPU
		{BF18B4F1-0B84-470A-B6CF-00931F2677D4}.Debug|Any CPU.Build.0 = Debug|Any CPU
		{BF18B4F1-0B84-470A-B6CF-00931F2677D4}.Debug|Mixed Platforms.ActiveCfg = Debug|Any CPU
		{BF18B4F1-0B84-470A-B6CF-00931F2677D4}.Debug|Mixed Platforms.Build.0 = Debug|Any CPU
		{BF18B4F1-0B84-470A-B6CF-00931F2677D4}.Debug|Win32.ActiveCfg = Debug|Any CPU
		{BF18B4F1-0B84-470A-B6CF-00931F2677D4}.Debug|x64.ActiveCfg = Debug|Any CPU
		{BF18B4F1-0B84-470A-B6CF-00931F2677D4}.Debug|x86.ActiveCfg = Debug|Any CPU
		{BF18B4F1-0B84-470A-B6CF-00931F2677D4}.Release|Any CPU.ActiveCfg = Release|Any CPU
		{BF18B4F1-0B84-470A-B6CF-00931F2677D4}.Release|Any CPU.Build.0 = Release|Any CPU
		{BF18B4F1-0B84-470A-B6CF-00931F2677D4}.Release|Mixed Platforms.ActiveCfg = Release|Any CPU
		{BF18B4F1-0B84-470A-B6CF-00931F2677D4}.Release|Mixed Platforms.Build.0 = Release|Any CPU
		{BF18B4F1-0B84-470A-B6CF-00931F2677D4}.Release|Win32.ActiveCfg = Release|Any CPU
		{BF18B4F1-0B84-470A-B6CF-00931F2677D4}.Release|x64.ActiveCfg = Release|Any CPU
		{BF18B4F1-0B84-470A-B6CF-00931F2677D4}.Release|x86.ActiveCfg = Release|Any CPU
		{C97D64C1-0368-4AE0-98D5-00248EC22095}.Debug|Any CPU.ActiveCfg = Debug|Any CPU
		{C97D64C1-0368-4AE0-98D5-00248EC22095}.Debug|Any CPU.Build.0 = Debug|Any CPU
		{C97D64C1-0368-4AE0-98D5-00248EC22095}.Debug|Mixed Platforms.ActiveCfg = Debug|Any CPU
		{C97D64C1-0368-4AE0-98D5-00248EC22095}.Debug|Mixed Platforms.Build.0 = Debug|Any CPU
		{C97D64C1-0368-4AE0-98D5-00248EC22095}.Debug|Win32.ActiveCfg = Debug|Any CPU
		{C97D64C1-0368-4AE0-98D5-00248EC22095}.Debug|x64.ActiveCfg = Debug|Any CPU
		{C97D64C1-0368-4AE0-98D5-00248EC22095}.Debug|x86.ActiveCfg = Debug|Any CPU
		{C97D64C1-0368-4AE0-98D5-00248EC22095}.Release|Any CPU.ActiveCfg = Release|Any CPU
		{C97D64C1-0368-4AE0-98D5-00248EC22095}.Release|Any CPU.Build.0 = Release|Any CPU
		{C97D64C1-0368-4AE0-98D5-00248EC22095}.Release|Mixed Platforms.ActiveCfg = Release|Any CPU
		{C97D64C1-0368-4AE0-98D5-00248EC22095}.Release|Mixed Platforms.Build.0 = Release|Any CPU
		{C97D64C1-0368-4AE0-98D5-00248EC22095}.Release|Win32.ActiveCfg = Release|Any CPU
		{C97D64C1-0368-4AE0-98D5-00248EC22095}.Release|x64.ActiveCfg = Release|Any CPU
		{C97D64C1-0368-4AE0-98D5-00248EC22095}.Release|x86.ActiveCfg = Release|Any CPU
		{2A0B4E0A-4616-48F7-99FA-5A237EE94A9F}.Debug|Any CPU.ActiveCfg = Debug|Any CPU
		{2A0B4E0A-4616-48F7-99FA-5A237EE94A9F}.Debug|Any CPU.Build.0 = Debug|Any CPU
		{2A0B4E0A-4616-48F7-99FA-5A237EE94A9F}.Debug|Mixed Platforms.ActiveCfg = Debug|Any CPU
		{2A0B4E0A-4616-48F7-99FA-5A237EE94A9F}.Debug|Mixed Platforms.Build.0 = Debug|Any CPU
		{2A0B4E0A-4616-48F7-99FA-5A237EE94A9F}.Debug|Win32.ActiveCfg = Debug|Any CPU
		{2A0B4E0A-4616-48F7-99FA-5A237EE94A9F}.Debug|x64.ActiveCfg = Debug|Any CPU
		{2A0B4E0A-4616-48F7-99FA-5A237EE94A9F}.Debug|x86.ActiveCfg = Debug|Any CPU
		{2A0B4E0A-4616-48F7-99FA-5A237EE94A9F}.Release|Any CPU.ActiveCfg = Release|Any CPU
		{2A0B4E0A-4616-48F7-99FA-5A237EE94A9F}.Release|Any CPU.Build.0 = Release|Any CPU
		{2A0B4E0A-4616-48F7-99FA-5A237EE94A9F}.Release|Mixed Platforms.ActiveCfg = Release|Any CPU
		{2A0B4E0A-4616-48F7-99FA-5A237EE94A9F}.Release|Mixed Platforms.Build.0 = Release|Any CPU
		{2A0B4E0A-4616-48F7-99FA-5A237EE94A9F}.Release|Win32.ActiveCfg = Release|Any CPU
		{2A0B4E0A-4616-48F7-99FA-5A237EE94A9F}.Release|x64.ActiveCfg = Release|Any CPU
		{2A0B4E0A-4616-48F7-99FA-5A237EE94A9F}.Release|x86.ActiveCfg = Release|Any CPU
		{9A59AF91-9074-4358-AD27-41D9C9D50986}.Debug|Any CPU.ActiveCfg = Debug|Any CPU
		{9A59AF91-9074-4358-AD27-41D9C9D50986}.Debug|Any CPU.Build.0 = Debug|Any CPU
		{9A59AF91-9074-4358-AD27-41D9C9D50986}.Debug|Mixed Platforms.ActiveCfg = Debug|Any CPU
		{9A59AF91-9074-4358-AD27-41D9C9D50986}.Debug|Mixed Platforms.Build.0 = Debug|Any CPU
		{9A59AF91-9074-4358-AD27-41D9C9D50986}.Debug|Win32.ActiveCfg = Debug|Any CPU
		{9A59AF91-9074-4358-AD27-41D9C9D50986}.Debug|x64.ActiveCfg = Debug|Any CPU
		{9A59AF91-9074-4358-AD27-41D9C9D50986}.Debug|x86.ActiveCfg = Debug|Any CPU
		{9A59AF91-9074-4358-AD27-41D9C9D50986}.Release|Any CPU.ActiveCfg = Release|Any CPU
		{9A59AF91-9074-4358-AD27-41D9C9D50986}.Release|Any CPU.Build.0 = Release|Any CPU
		{9A59AF91-9074-4358-AD27-41D9C9D50986}.Release|Mixed Platforms.ActiveCfg = Release|Any CPU
		{9A59AF91-9074-4358-AD27-41D9C9D50986}.Release|Mixed Platforms.Build.0 = Release|Any CPU
		{9A59AF91-9074-4358-AD27-41D9C9D50986}.Release|Win32.ActiveCfg = Release|Any CPU
		{9A59AF91-9074-4358-AD27-41D9C9D50986}.Release|x64.ActiveCfg = Release|Any CPU
		{9A59AF91-9074-4358-AD27-41D9C9D50986}.Release|x86.ActiveCfg = Release|Any CPU
		{B3093DDF-04C2-47AB-8E5B-99D151AA1C53}.Debug|Any CPU.ActiveCfg = Debug|Any CPU
		{B3093DDF-04C2-47AB-8E5B-99D151AA1C53}.Debug|Any CPU.Build.0 = Debug|Any CPU
		{B3093DDF-04C2-47AB-8E5B-99D151AA1C53}.Debug|Mixed Platforms.ActiveCfg = Debug|Any CPU
		{B3093DDF-04C2-47AB-8E5B-99D151AA1C53}.Debug|Mixed Platforms.Build.0 = Debug|Any CPU
		{B3093DDF-04C2-47AB-8E5B-99D151AA1C53}.Debug|Win32.ActiveCfg = Debug|Any CPU
		{B3093DDF-04C2-47AB-8E5B-99D151AA1C53}.Debug|x64.ActiveCfg = Debug|Any CPU
		{B3093DDF-04C2-47AB-8E5B-99D151AA1C53}.Debug|x86.ActiveCfg = Debug|Any CPU
		{B3093DDF-04C2-47AB-8E5B-99D151AA1C53}.Release|Any CPU.ActiveCfg = Release|Any CPU
		{B3093DDF-04C2-47AB-8E5B-99D151AA1C53}.Release|Any CPU.Build.0 = Release|Any CPU
		{B3093DDF-04C2-47AB-8E5B-99D151AA1C53}.Release|Mixed Platforms.ActiveCfg = Release|Any CPU
		{B3093DDF-04C2-47AB-8E5B-99D151AA1C53}.Release|Mixed Platforms.Build.0 = Release|Any CPU
		{B3093DDF-04C2-47AB-8E5B-99D151AA1C53}.Release|Win32.ActiveCfg = Release|Any CPU
		{B3093DDF-04C2-47AB-8E5B-99D151AA1C53}.Release|x64.ActiveCfg = Release|Any CPU
		{B3093DDF-04C2-47AB-8E5B-99D151AA1C53}.Release|x86.ActiveCfg = Release|Any CPU
		{D177A0D7-4372-40F2-B027-BD34C771A990}.Debug|Any CPU.Build.0 = Debug|Any CPU
		{D177A0D7-4372-40F2-B027-BD34C771A990}.Debug|Any CPU.ActiveCfg = Debug|Any CPU
		{D177A0D7-4372-40F2-B027-BD34C771A990}.Debug|Mixed Platforms.Build.0 = Debug|Any CPU
		{D177A0D7-4372-40F2-B027-BD34C771A990}.Debug|Mixed Platforms.ActiveCfg = Debug|Any CPU
		{D177A0D7-4372-40F2-B027-BD34C771A990}.Debug|Win32.Build.0 = Debug|Any CPU
		{D177A0D7-4372-40F2-B027-BD34C771A990}.Debug|Win32.ActiveCfg = Debug|Any CPU
		{D177A0D7-4372-40F2-B027-BD34C771A990}.Debug|x64.Build.0 = Debug|Any CPU
		{D177A0D7-4372-40F2-B027-BD34C771A990}.Debug|x64.ActiveCfg = Debug|Any CPU
		{D177A0D7-4372-40F2-B027-BD34C771A990}.Debug|x86.Build.0 = Debug|Any CPU
		{D177A0D7-4372-40F2-B027-BD34C771A990}.Debug|x86.ActiveCfg = Debug|Any CPU
		{D177A0D7-4372-40F2-B027-BD34C771A990}.Release|Any CPU.Build.0 = Release|Any CPU
		{D177A0D7-4372-40F2-B027-BD34C771A990}.Release|Any CPU.ActiveCfg = Release|Any CPU
		{D177A0D7-4372-40F2-B027-BD34C771A990}.Release|Mixed Platforms.Build.0 = Release|Any CPU
		{D177A0D7-4372-40F2-B027-BD34C771A990}.Release|Mixed Platforms.ActiveCfg = Release|Any CPU
		{D177A0D7-4372-40F2-B027-BD34C771A990}.Release|Win32.Build.0 = Release|Any CPU
		{D177A0D7-4372-40F2-B027-BD34C771A990}.Release|Win32.ActiveCfg = Release|Any CPU
		{D177A0D7-4372-40F2-B027-BD34C771A990}.Release|x64.Build.0 = Release|Any CPU
		{D177A0D7-4372-40F2-B027-BD34C771A990}.Release|x64.ActiveCfg = Release|Any CPU
		{D177A0D7-4372-40F2-B027-BD34C771A990}.Release|x86.Build.0 = Release|Any CPU
		{D177A0D7-4372-40F2-B027-BD34C771A990}.Release|x86.ActiveCfg = Release|Any CPU
	EndGlobalSection
	GlobalSection(SolutionProperties) = preSolution
		HideSolutionNode = FALSE
	EndGlobalSection
	GlobalSection(NestedProjects) = preSolution
		{CA9B6FA7-9A52-49E9-9387-22C82B0F8962} = {BCA0E7A7-7C4B-4570-BCA6-E1ACD5437A43}
		{8AE4897A-EA74-49B1-BA55-D892C27AF9C9} = {BCA0E7A7-7C4B-4570-BCA6-E1ACD5437A43}
		{728E76F6-CEF8-4F92-8FB6-7FA7DB131831} = {8B21018A-1DFA-4F82-AFBC-69B5FD2852E8}
		{EE92FDB2-BAC7-4D6F-8675-EB6002960CF5} = {8B21018A-1DFA-4F82-AFBC-69B5FD2852E8}
		{FBF0402A-B7E1-4BEF-985C-8892050C56C8} = {8B21018A-1DFA-4F82-AFBC-69B5FD2852E8}
		{0B82E589-0317-41B2-9B96-2BE5F0B7D5CF} = {8B21018A-1DFA-4F82-AFBC-69B5FD2852E8}
		{FF0D83A2-DB65-4697-8555-2E1F5461A34C} = {8B21018A-1DFA-4F82-AFBC-69B5FD2852E8}
		{5737F3E9-675E-46AF-B6E3-ABFB50B565D2} = {8B21018A-1DFA-4F82-AFBC-69B5FD2852E8}
		{E5EAFA0C-96C1-437A-B21E-31C25A4DEE28} = {8B21018A-1DFA-4F82-AFBC-69B5FD2852E8}
		{31F83BBE-46CA-4596-AA8A-F4E6F5040E1C} = {8B21018A-1DFA-4F82-AFBC-69B5FD2852E8}
		{DF097FFD-6321-44FE-9054-A9CED555785B} = {8B21018A-1DFA-4F82-AFBC-69B5FD2852E8}
		{7CE09D34-569F-464E-B4BB-D6B847276E55} = {8B21018A-1DFA-4F82-AFBC-69B5FD2852E8}
		{0EA17F39-28A4-47FB-A51F-052430EB1BD5} = {8B21018A-1DFA-4F82-AFBC-69B5FD2852E8}
		{C97D64C1-0368-4AE0-98D5-00248EC22095} = {8B21018A-1DFA-4F82-AFBC-69B5FD2852E8}
		{D75A9F8C-8B5A-40B1-9CAE-A57D3A291007} = {B120F490-0BA0-4A24-ADA5-5DBF56B9295C}
		{BF61B213-FE92-4AEC-A88A-4890B9A99FA4} = {B120F490-0BA0-4A24-ADA5-5DBF56B9295C}
		{BF18B4F1-0B84-470A-B6CF-00931F2677D4} = {B120F490-0BA0-4A24-ADA5-5DBF56B9295C}
		{D177A0D7-4372-40F2-B027-BD34C771A990} = {E262F96D-415F-4CF8-996D-27558EFB670C}
	EndGlobalSection
EndGlobal
